// !$*UTF8*$!
{
	archiveVersion = 1;
	classes = {
	};
	objectVersion = 50;
	objects = {

/* Begin PBXBuildFile section */
		DCE7DA0C25F4F16E001BD9A2 /* AppDelegate.m in Sources */ = {isa = PBXBuildFile; fileRef = DCE7DA0B25F4F16E001BD9A2 /* AppDelegate.m */; };
		DCE7DA0F25F4F16E001BD9A2 /* SceneDelegate.m in Sources */ = {isa = PBXBuildFile; fileRef = DCE7DA0E25F4F16E001BD9A2 /* SceneDelegate.m */; };
		DCE7DA1225F4F16E001BD9A2 /* ViewController.m in Sources */ = {isa = PBXBuildFile; fileRef = DCE7DA1125F4F16E001BD9A2 /* ViewController.m */; };
		DCE7DA1525F4F16E001BD9A2 /* Main.storyboard in Resources */ = {isa = PBXBuildFile; fileRef = DCE7DA1325F4F16E001BD9A2 /* Main.storyboard */; };
		DCE7DA1825F4F16E001BD9A2 /* UnitConverter.xcdatamodeld in Sources */ = {isa = PBXBuildFile; fileRef = DCE7DA1625F4F16E001BD9A2 /* UnitConverter.xcdatamodeld */; };
		DCE7DA1A25F4F173001BD9A2 /* Assets.xcassets in Resources */ = {isa = PBXBuildFile; fileRef = DCE7DA1925F4F173001BD9A2 /* Assets.xcassets */; };
		DCE7DA1D25F4F173001BD9A2 /* LaunchScreen.storyboard in Resources */ = {isa = PBXBuildFile; fileRef = DCE7DA1B25F4F173001BD9A2 /* LaunchScreen.storyboard */; };
		DCE7DA2025F4F173001BD9A2 /* main.m in Sources */ = {isa = PBXBuildFile; fileRef = DCE7DA1F25F4F173001BD9A2 /* main.m */; };
/* End PBXBuildFile section */

/* Begin PBXFileReference section */
		DCE7DA0725F4F16E001BD9A2 /* UnitConverter.app */ = {isa = PBXFileReference; explicitFileType = wrapper.application; includeInIndex = 0; path = UnitConverter.app; sourceTree = BUILT_PRODUCTS_DIR; };
		DCE7DA0A25F4F16E001BD9A2 /* AppDelegate.h */ = {isa = PBXFileReference; lastKnownFileType = sourcecode.c.h; path = AppDelegate.h; sourceTree = "<group>"; };
		DCE7DA0B25F4F16E001BD9A2 /* AppDelegate.m */ = {isa = PBXFileReference; lastKnownFileType = sourcecode.c.objc; path = AppDelegate.m; sourceTree = "<group>"; };
		DCE7DA0D25F4F16E001BD9A2 /* SceneDelegate.h */ = {isa = PBXFileReference; lastKnownFileType = sourcecode.c.h; path = SceneDelegate.h; sourceTree = "<group>"; };
		DCE7DA0E25F4F16E001BD9A2 /* SceneDelegate.m */ = {isa = PBXFileReference; lastKnownFileType = sourcecode.c.objc; path = SceneDelegate.m; sourceTree = "<group>"; };
		DCE7DA1025F4F16E001BD9A2 /* ViewController.h */ = {isa = PBXFileReference; lastKnownFileType = sourcecode.c.h; path = ViewController.h; sourceTree = "<group>"; };
		DCE7DA1125F4F16E001BD9A2 /* ViewController.m */ = {isa = PBXFileReference; lastKnownFileType = sourcecode.c.objc; path = ViewController.m; sourceTree = "<group>"; };
		DCE7DA1425F4F16E001BD9A2 /* Base */ = {isa = PBXFileReference; lastKnownFileType = file.storyboard; name = Base; path = Base.lproj/Main.storyboard; sourceTree = "<group>"; };
		DCE7DA1725F4F16E001BD9A2 /* UnitConverter.xcdatamodel */ = {isa = PBXFileReference; lastKnownFileType = wrapper.xcdatamodel; path = UnitConverter.xcdatamodel; sourceTree = "<group>"; };
		DCE7DA1925F4F173001BD9A2 /* Assets.xcassets */ = {isa = PBXFileReference; lastKnownFileType = folder.assetcatalog; path = Assets.xcassets; sourceTree = "<group>"; };
		DCE7DA1C25F4F173001BD9A2 /* Base */ = {isa = PBXFileReference; lastKnownFileType = file.storyboard; name = Base; path = Base.lproj/LaunchScreen.storyboard; sourceTree = "<group>"; };
		DCE7DA1E25F4F173001BD9A2 /* Info.plist */ = {isa = PBXFileReference; lastKnownFileType = text.plist.xml; path = Info.plist; sourceTree = "<group>"; };
		DCE7DA1F25F4F173001BD9A2 /* main.m */ = {isa = PBXFileReference; lastKnownFileType = sourcecode.c.objc; path = main.m; sourceTree = "<group>"; };
/* End PBXFileReference section */

/* Begin PBXFrameworksBuildPhase section */
		DCE7DA0425F4F16E001BD9A2 /* Frameworks */ = {
			isa = PBXFrameworksBuildPhase;
			buildActionMask = 2147483647;
			files = (
			);
			runOnlyForDeploymentPostprocessing = 0;
		};
/* End PBXFrameworksBuildPhase section */

/* Begin PBXGroup section */
		DCE7D9FE25F4F16E001BD9A2 = {
			isa = PBXGroup;
			children = (
				DCE7DA0925F4F16E001BD9A2 /* UnitConverter */,
				DCE7DA0825F4F16E001BD9A2 /* Products */,
			);
			sourceTree = "<group>";
		};
		DCE7DA0825F4F16E001BD9A2 /* Products */ = {
			isa = PBXGroup;
			children = (
				DCE7DA0725F4F16E001BD9A2 /* UnitConverter.app */,
			);
			name = Products;
			sourceTree = "<group>";
		};
		DCE7DA0925F4F16E001BD9A2 /* UnitConverter */ = {
			isa = PBXGroup;
			children = (
				DCE7DA0A25F4F16E001BD9A2 /* AppDelegate.h */,
				DCE7DA0B25F4F16E001BD9A2 /* AppDelegate.m */,
				DCE7DA0D25F4F16E001BD9A2 /* SceneDelegate.h */,
				DCE7DA0E25F4F16E001BD9A2 /* SceneDelegate.m */,
				DCE7DA1025F4F16E001BD9A2 /* ViewController.h */,
				DCE7DA1125F4F16E001BD9A2 /* ViewController.m */,
				DCE7DA1325F4F16E001BD9A2 /* Main.storyboard */,
				DCE7DA1925F4F173001BD9A2 /* Assets.xcassets */,
				DCE7DA1B25F4F173001BD9A2 /* LaunchScreen.storyboard */,
				DCE7DA1E25F4F173001BD9A2 /* Info.plist */,
				DCE7DA1F25F4F173001BD9A2 /* main.m */,
				DCE7DA1625F4F16E001BD9A2 /* UnitConverter.xcdatamodeld */,
			);
			path = UnitConverter;
			sourceTree = "<group>";
		};
/* End PBXGroup section */

/* Begin PBXNativeTarget section */
		DCE7DA0625F4F16E001BD9A2 /* UnitConverter */ = {
			isa = PBXNativeTarget;
			buildConfigurationList = DCE7DA2325F4F173001BD9A2 /* Build configuration list for PBXNativeTarget "UnitConverter" */;
			buildPhases = (
				DCE7DA0325F4F16E001BD9A2 /* Sources */,
				DCE7DA0425F4F16E001BD9A2 /* Frameworks */,
				DCE7DA0525F4F16E001BD9A2 /* Resources */,
			);
			buildRules = (
			);
			dependencies = (
			);
			name = UnitConverter;
			productName = UnitConverter;
			productReference = DCE7DA0725F4F16E001BD9A2 /* UnitConverter.app */;
			productType = "com.apple.product-type.application";
		};
/* End PBXNativeTarget section */

/* Begin PBXProject section */
		DCE7D9FF25F4F16E001BD9A2 /* Project object */ = {
			isa = PBXProject;
			attributes = {
				LastUpgradeCheck = 1240;
				TargetAttributes = {
					DCE7DA0625F4F16E001BD9A2 = {
						CreatedOnToolsVersion = 12.4;
					};
				};
			};
			buildConfigurationList = DCE7DA0225F4F16E001BD9A2 /* Build configuration list for PBXProject "UnitConverter" */;
			compatibilityVersion = "Xcode 9.3";
			developmentRegion = en;
			hasScannedForEncodings = 0;
			knownRegions = (
				en,
				Base,
			);
			mainGroup = DCE7D9FE25F4F16E001BD9A2;
			productRefGroup = DCE7DA0825F4F16E001BD9A2 /* Products */;
			projectDirPath = "";
			projectRoot = "";
			targets = (
				DCE7DA0625F4F16E001BD9A2 /* UnitConverter */,
			);
		};
/* End PBXProject section */

/* Begin PBXResourcesBuildPhase section */
		DCE7DA0525F4F16E001BD9A2 /* Resources */ = {
			isa = PBXResourcesBuildPhase;
			buildActionMask = 2147483647;
			files = (
				DCE7DA1D25F4F173001BD9A2 /* LaunchScreen.storyboard in Resources */,
				DCE7DA1A25F4F173001BD9A2 /* Assets.xcassets in Resources */,
				DCE7DA1525F4F16E001BD9A2 /* Main.storyboard in Resources */,
			);
			runOnlyForDeploymentPostprocessing = 0;
		};
/* End PBXResourcesBuildPhase section */

/* Begin PBXSourcesBuildPhase section */
		DCE7DA0325F4F16E001BD9A2 /* Sources */ = {
			isa = PBXSourcesBuildPhase;
			buildActionMask = 2147483647;
			files = (
				DCE7DA2025F4F173001BD9A2 /* main.m in Sources */,
				DCE7DA1225F4F16E001BD9A2 /* ViewController.m in Sources */,
				DCE7DA0C25F4F16E001BD9A2 /* AppDelegate.m in Sources */,
				DCE7DA1825F4F16E001BD9A2 /* UnitConverter.xcdatamodeld in Sources */,
				DCE7DA0F25F4F16E001BD9A2 /* SceneDelegate.m in Sources */,
			);
			runOnlyForDeploymentPostprocessing = 0;
		};
/* End PBXSourcesBuildPhase section */

/* Begin PBXVariantGroup section */
		DCE7DA1325F4F16E001BD9A2 /* Main.storyboard */ = {
			isa = PBXVariantGroup;
			children = (
				DCE7DA1425F4F16E001BD9A2 /* Base */,
			);
			name = Main.storyboard;
			sourceTree = "<group>";
		};
		DCE7DA1B25F4F173001BD9A2 /* LaunchScreen.storyboard */ = {
			isa = PBXVariantGroup;
			children = (
				DCE7DA1C25F4F173001BD9A2 /* Base */,
			);
			name = LaunchScreen.storyboard;
			sourceTree = "<group>";
		};
/* End PBXVariantGroup section */

/* Begin XCBuildConfiguration section */
		DCE7DA2125F4F173001BD9A2 /* Debug */ = {
			isa = XCBuildConfiguration;
			buildSettings = {
				ALWAYS_SEARCH_USER_PATHS = NO;
				CLANG_ANALYZER_NONNULL = YES;
				CLANG_ANALYZER_NUMBER_OBJECT_CONVERSION = YES_AGGRESSIVE;
				CLANG_CXX_LANGUAGE_STANDARD = "gnu++14";
				CLANG_CXX_LIBRARY = "libc++";
				CLANG_ENABLE_MODULES = YES;
				CLANG_ENABLE_OBJC_ARC = YES;
				CLANG_ENABLE_OBJC_WEAK = YES;
				CLANG_WARN_BLOCK_CAPTURE_AUTORELEASING = YES;
				CLANG_WARN_BOOL_CONVERSION = YES;
				CLANG_WARN_COMMA = YES;
				CLANG_WARN_CONSTANT_CONVERSION = YES;
				CLANG_WARN_DEPRECATED_OBJC_IMPLEMENTATIONS = YES;
				CLANG_WARN_DIRECT_OBJC_ISA_USAGE = YES_ERROR;
				CLANG_WARN_DOCUMENTATION_COMMENTS = YES;
				CLANG_WARN_EMPTY_BODY = YES;
				CLANG_WARN_ENUM_CONVERSION = YES;
				CLANG_WARN_INFINITE_RECURSION = YES;
				CLANG_WARN_INT_CONVERSION = YES;
				CLANG_WARN_NON_LITERAL_NULL_CONVERSION = YES;
				CLANG_WARN_OBJC_IMPLICIT_RETAIN_SELF = YES;
				CLANG_WARN_OBJC_LITERAL_CONVERSION = YES;
				CLANG_WARN_OBJC_ROOT_CLASS = YES_ERROR;
				CLANG_WARN_QUOTED_INCLUDE_IN_FRAMEWORK_HEADER = YES;
				CLANG_WARN_RANGE_LOOP_ANALYSIS = YES;
				CLANG_WARN_STRICT_PROTOTYPES = YES;
				CLANG_WARN_SUSPICIOUS_MOVE = YES;
				CLANG_WARN_UNGUARDED_AVAILABILITY = YES_AGGRESSIVE;
				CLANG_WARN_UNREACHABLE_CODE = YES;
				CLANG_WARN__DUPLICATE_METHOD_MATCH = YES;
				COPY_PHASE_STRIP = NO;
				DEBUG_INFORMATION_FORMAT = dwarf;
				ENABLE_STRICT_OBJC_MSGSEND = YES;
				ENABLE_TESTABILITY = YES;
				GCC_C_LANGUAGE_STANDARD = gnu11;
				GCC_DYNAMIC_NO_PIC = NO;
				GCC_NO_COMMON_BLOCKS = YES;
				GCC_OPTIMIZATION_LEVEL = 0;
				GCC_PREPROCESSOR_DEFINITIONS = (
					"DEBUG=1",
					"$(inherited)",
				);
				GCC_WARN_64_TO_32_BIT_CONVERSION = YES;
				GCC_WARN_ABOUT_RETURN_TYPE = YES_ERROR;
				GCC_WARN_UNDECLARED_SELECTOR = YES;
				GCC_WARN_UNINITIALIZED_AUTOS = YES_AGGRESSIVE;
				GCC_WARN_UNUSED_FUNCTION = YES;
				GCC_WARN_UNUSED_VARIABLE = YES;
				IPHONEOS_DEPLOYMENT_TARGET = 14.4;
				MTL_ENABLE_DEBUG_INFO = INCLUDE_SOURCE;
				MTL_FAST_MATH = YES;
				ONLY_ACTIVE_ARCH = YES;
				SDKROOT = iphoneos;
			};
			name = Debug;
		};
		DCE7DA2225F4F173001BD9A2 /* Release */ = {
			isa = XCBuildConfiguration;
			buildSettings = {
				ALWAYS_SEARCH_USER_PATHS = NO;
				CLANG_ANALYZER_NONNULL = YES;
				CLANG_ANALYZER_NUMBER_OBJECT_CONVERSION = YES_AGGRESSIVE;
				CLANG_CXX_LANGUAGE_STANDARD = "gnu++14";
				CLANG_CXX_LIBRARY = "libc++";
				CLANG_ENABLE_MODULES = YES;
				CLANG_ENABLE_OBJC_ARC = YES;
				CLANG_ENABLE_OBJC_WEAK = YES;
				CLANG_WARN_BLOCK_CAPTURE_AUTORELEASING = YES;
				CLANG_WARN_BOOL_CONVERSION = YES;
				CLANG_WARN_COMMA = YES;
				CLANG_WARN_CONSTANT_CONVERSION = YES;
				CLANG_WARN_DEPRECATED_OBJC_IMPLEMENTATIONS = YES;
				CLANG_WARN_DIRECT_OBJC_ISA_USAGE = YES_ERROR;
				CLANG_WARN_DOCUMENTATION_COMMENTS = YES;
				CLANG_WARN_EMPTY_BODY = YES;
				CLANG_WARN_ENUM_CONVERSION = YES;
				CLANG_WARN_INFINITE_RECURSION = YES;
				CLANG_WARN_INT_CONVERSION = YES;
				CLANG_WARN_NON_LITERAL_NULL_CONVERSION = YES;
				CLANG_WARN_OBJC_IMPLICIT_RETAIN_SELF = YES;
				CLANG_WARN_OBJC_LITERAL_CONVERSION = YES;
				CLANG_WARN_OBJC_ROOT_CLASS = YES_ERROR;
				CLANG_WARN_QUOTED_INCLUDE_IN_FRAMEWORK_HEADER = YES;
				CLANG_WARN_RANGE_LOOP_ANALYSIS = YES;
				CLANG_WARN_STRICT_PROTOTYPES = YES;
				CLANG_WARN_SUSPICIOUS_MOVE = YES;
				CLANG_WARN_UNGUARDED_AVAILABILITY = YES_AGGRESSIVE;
				CLANG_WARN_UNREACHABLE_CODE = YES;
				CLANG_WARN__DUPLICATE_METHOD_MATCH = YES;
				COPY_PHASE_STRIP = NO;
				DEBUG_INFORMATION_FORMAT = "dwarf-with-dsym";
				ENABLE_NS_ASSERTIONS = NO;
				ENABLE_STRICT_OBJC_MSGSEND = YES;
				GCC_C_LANGUAGE_STANDARD = gnu11;
				GCC_NO_COMMON_BLOCKS = YES;
				GCC_WARN_64_TO_32_BIT_CONVERSION = YES;
				GCC_WARN_ABOUT_RETURN_TYPE = YES_ERROR;
				GCC_WARN_UNDECLARED_SELECTOR = YES;
				GCC_WARN_UNINITIALIZED_AUTOS = YES_AGGRESSIVE;
				GCC_WARN_UNUSED_FUNCTION = YES;
				GCC_WARN_UNUSED_VARIABLE = YES;
				IPHONEOS_DEPLOYMENT_TARGET = 14.4;
				MTL_ENABLE_DEBUG_INFO = NO;
				MTL_FAST_MATH = YES;
				SDKROOT = iphoneos;
				VALIDATE_PRODUCT = YES;
			};
			name = Release;
		};
		DCE7DA2425F4F173001BD9A2 /* Debug */ = {
			isa = XCBuildConfiguration;
			buildSettings = {
				ASSETCATALOG_COMPILER_APPICON_NAME = AppIcon;
				ASSETCATALOG_COMPILER_GLOBAL_ACCENT_COLOR_NAME = AccentColor;
				CODE_SIGN_STYLE = Automatic;
				DEVELOPMENT_TEAM = Z37FPUWSL9;
				INFOPLIST_FILE = UnitConverter/Info.plist;
				LD_RUNPATH_SEARCH_PATHS = (
					"$(inherited)",
					"@executable_path/Frameworks",
				);
				PRODUCT_BUNDLE_IDENTIFIER = Vladik.UnitConverter;
				PRODUCT_NAME = "$(TARGET_NAME)";
				TARGETED_DEVICE_FAMILY = "1,2";
			};
			name = Debug;
		};
		DCE7DA2525F4F173001BD9A2 /* Release */ = {
			isa = XCBuildConfiguration;
			buildSettings = {
				ASSETCATALOG_COMPILER_APPICON_NAME = AppIcon;
				ASSETCATALOG_COMPILER_GLOBAL_ACCENT_COLOR_NAME = AccentColor;
				CODE_SIGN_STYLE = Automatic;
				DEVELOPMENT_TEAM = Z37FPUWSL9;
				INFOPLIST_FILE = UnitConverter/Info.plist;
				LD_RUNPATH_SEARCH_PATHS = (
					"$(inherited)",
					"@executable_path/Frameworks",
				);
				PRODUCT_BUNDLE_IDENTIFIER = Vladik.UnitConverter;
				PRODUCT_NAME = "$(TARGET_NAME)";
				TARGETED_DEVICE_FAMILY = "1,2";
			};
			name = Release;
		};
/* End XCBuildConfiguration section */

/* Begin XCConfigurationList section */
		DCE7DA0225F4F16E001BD9A2 /* Build configuration list for PBXProject "UnitConverter" */ = {
			isa = XCConfigurationList;
			buildConfigurations = (
				DCE7DA2125F4F173001BD9A2 /* Debug */,
				DCE7DA2225F4F173001BD9A2 /* Release */,
			);
			defaultConfigurationIsVisible = 0;
			defaultConfigurationName = Release;
		};
		DCE7DA2325F4F173001BD9A2 /* Build configuration list for PBXNativeTarget "UnitConverter" */ = {
			isa = XCConfigurationList;
			buildConfigurations = (
				DCE7DA2425F4F173001BD9A2 /* Debug */,
				DCE7DA2525F4F173001BD9A2 /* Release */,
			);
			defaultConfigurationIsVisible = 0;
			defaultConfigurationName = Release;
		};
/* End XCConfigurationList section */

/* Begin XCVersionGroup section */
		DCE7DA1625F4F16E001BD9A2 /* UnitConverter.xcdatamodeld */ = {
			isa = XCVersionGroup;
			children = (
				DCE7DA1725F4F16E001BD9A2 /* UnitConverter.xcdatamodel */,
			);
			currentVersion = DCE7DA1725F4F16E001BD9A2 /* UnitConverter.xcdatamodel */;
			path = UnitConverter.xcdatamodeld;
			sourceTree = "<group>";
			versionGroupType = wrapper.xcdatamodel;
		};
/* End XCVersionGroup section */
	};
	rootObject = DCE7D9FF25F4F16E001BD9A2 /* Project object */;
}
